
Microsoft Visual Studio Solution File, Format Version 12.00
# Visual Studio Version 16
VisualStudioVersion = 16.0.31911.196
MinimumVisualStudioVersion = 10.0.40219.1
Project("{FAE04EC0-301F-11D3-BF4B-00C04F79EFBC}") = "ArrayaList", "ArrayaList\ArrayaList.csproj", "{43E472F1-91AF-47D3-A456-CAED32DCE0BB}"
EndProject
Global
	GlobalSection(SolutionConfigurationPlatforms) = preSolution
		Debug|Any CPU = Debug|Any CPU
		Release|Any CPU = Release|Any CPU
	EndGlobalSection
	GlobalSection(ProjectConfigurationPlatforms) = postSolution
		{43E472F1-91AF-47D3-A456-CAED32DCE0BB}.Debug|Any CPU.ActiveCfg = Debug|Any CPU
		{43E472F1-91AF-47D3-A456-CAED32DCE0BB}.Debug|Any CPU.Build.0 = Debug|Any CPU
		{43E472F1-91AF-47D3-A456-CAED32DCE0BB}.Release|Any CPU.ActiveCfg = Release|Any CPU
		{43E472F1-91AF-47D3-A456-CAED32DCE0BB}.Release|Any CPU.Build.0 = Release|Any CPU
	EndGlobalSection
	GlobalSection(SolutionProperties) = preSolution
		HideSolutionNode = FALSE
	EndGlobalSection
	GlobalSection(ExtensibilityGlobals) = postSolution
		SolutionGuid = {8599EE0D-7F56-43B6-A032-52A2D41B3833}
	EndGlobalSection
EndGlobal
