
Microsoft Visual Studio Solution File, Format Version 12.00
# Visual Studio Version 16
VisualStudioVersion = 16.0.31911.196
MinimumVisualStudioVersion = 10.0.40219.1
Project("{FAE04EC0-301F-11D3-BF4B-00C04F79EFBC}") = "File", "File\File.csproj", "{DF9317D3-4C10-4396-BC75-5073CBCE6D2A}"
EndProject
Global
	GlobalSection(SolutionConfigurationPlatforms) = preSolution
		Debug|Any CPU = Debug|Any CPU
		Release|Any CPU = Release|Any CPU
	EndGlobalSection
	GlobalSection(ProjectConfigurationPlatforms) = postSolution
		{DF9317D3-4C10-4396-BC75-5073CBCE6D2A}.Debug|Any CPU.ActiveCfg = Debug|Any CPU
		{DF9317D3-4C10-4396-BC75-5073CBCE6D2A}.Debug|Any CPU.Build.0 = Debug|Any CPU
		{DF9317D3-4C10-4396-BC75-5073CBCE6D2A}.Release|Any CPU.ActiveCfg = Release|Any CPU
		{DF9317D3-4C10-4396-BC75-5073CBCE6D2A}.Release|Any CPU.Build.0 = Release|Any CPU
	EndGlobalSection
	GlobalSection(SolutionProperties) = preSolution
		HideSolutionNode = FALSE
	EndGlobalSection
	GlobalSection(ExtensibilityGlobals) = postSolution
		SolutionGuid = {69D851FB-FB01-4EE8-8929-C938ED534D01}
	EndGlobalSection
EndGlobal
