
Microsoft Visual Studio Solution File, Format Version 12.00
# Visual Studio Version 16
VisualStudioVersion = 16.0.31911.196
MinimumVisualStudioVersion = 10.0.40219.1
Project("{FAE04EC0-301F-11D3-BF4B-00C04F79EFBC}") = "PhotoalbumTarea", "PhotoalbumTarea\PhotoalbumTarea.csproj", "{37D8E79F-FE43-4930-B5C9-13547371CB66}"
EndProject
Global
	GlobalSection(SolutionConfigurationPlatforms) = preSolution
		Debug|Any CPU = Debug|Any CPU
		Release|Any CPU = Release|Any CPU
	EndGlobalSection
	GlobalSection(ProjectConfigurationPlatforms) = postSolution
		{37D8E79F-FE43-4930-B5C9-13547371CB66}.Debug|Any CPU.ActiveCfg = Debug|Any CPU
		{37D8E79F-FE43-4930-B5C9-13547371CB66}.Debug|Any CPU.Build.0 = Debug|Any CPU
		{37D8E79F-FE43-4930-B5C9-13547371CB66}.Release|Any CPU.ActiveCfg = Release|Any CPU
		{37D8E79F-FE43-4930-B5C9-13547371CB66}.Release|Any CPU.Build.0 = Release|Any CPU
	EndGlobalSection
	GlobalSection(SolutionProperties) = preSolution
		HideSolutionNode = FALSE
	EndGlobalSection
	GlobalSection(ExtensibilityGlobals) = postSolution
		SolutionGuid = {B8C30EC0-E8BC-47A8-A3E4-F69D604D21AB}
	EndGlobalSection
EndGlobal
