
Microsoft Visual Studio Solution File, Format Version 12.00
# Visual Studio Version 16
VisualStudioVersion = 16.0.31911.196
MinimumVisualStudioVersion = 10.0.40219.1
Project("{FAE04EC0-301F-11D3-BF4B-00C04F79EFBC}") = "project1", "project1\project1.csproj", "{4080ADF8-FB56-40B1-9936-2D8B3A13EBD4}"
EndProject
Global
	GlobalSection(SolutionConfigurationPlatforms) = preSolution
		Debug|Any CPU = Debug|Any CPU
		Release|Any CPU = Release|Any CPU
	EndGlobalSection
	GlobalSection(ProjectConfigurationPlatforms) = postSolution
		{4080ADF8-FB56-40B1-9936-2D8B3A13EBD4}.Debug|Any CPU.ActiveCfg = Debug|Any CPU
		{4080ADF8-FB56-40B1-9936-2D8B3A13EBD4}.Debug|Any CPU.Build.0 = Debug|Any CPU
		{4080ADF8-FB56-40B1-9936-2D8B3A13EBD4}.Release|Any CPU.ActiveCfg = Release|Any CPU
		{4080ADF8-FB56-40B1-9936-2D8B3A13EBD4}.Release|Any CPU.Build.0 = Release|Any CPU
	EndGlobalSection
	GlobalSection(SolutionProperties) = preSolution
		HideSolutionNode = FALSE
	EndGlobalSection
	GlobalSection(ExtensibilityGlobals) = postSolution
		SolutionGuid = {AA276253-19CE-478A-8C3E-BCE721AB1E4B}
	EndGlobalSection
EndGlobal
