
Microsoft Visual Studio Solution File, Format Version 12.00
# Visual Studio Version 16
VisualStudioVersion = 16.0.31911.196
MinimumVisualStudioVersion = 10.0.40219.1
Project("{FAE04EC0-301F-11D3-BF4B-00C04F79EFBC}") = "WriteFile", "WriteFile\WriteFile.csproj", "{02DF8E8B-3236-4F4D-94E1-4E3DE9878B12}"
EndProject
Global
	GlobalSection(SolutionConfigurationPlatforms) = preSolution
		Debug|Any CPU = Debug|Any CPU
		Release|Any CPU = Release|Any CPU
	EndGlobalSection
	GlobalSection(ProjectConfigurationPlatforms) = postSolution
		{02DF8E8B-3236-4F4D-94E1-4E3DE9878B12}.Debug|Any CPU.ActiveCfg = Debug|Any CPU
		{02DF8E8B-3236-4F4D-94E1-4E3DE9878B12}.Debug|Any CPU.Build.0 = Debug|Any CPU
		{02DF8E8B-3236-4F4D-94E1-4E3DE9878B12}.Release|Any CPU.ActiveCfg = Release|Any CPU
		{02DF8E8B-3236-4F4D-94E1-4E3DE9878B12}.Release|Any CPU.Build.0 = Release|Any CPU
	EndGlobalSection
	GlobalSection(SolutionProperties) = preSolution
		HideSolutionNode = FALSE
	EndGlobalSection
	GlobalSection(ExtensibilityGlobals) = postSolution
		SolutionGuid = {A41CD4BF-BB92-435D-A3BE-C6A29C8245EA}
	EndGlobalSection
EndGlobal
