
Microsoft Visual Studio Solution File, Format Version 12.00
# Visual Studio Version 16
VisualStudioVersion = 16.0.31911.196
MinimumVisualStudioVersion = 10.0.40219.1
Project("{FAE04EC0-301F-11D3-BF4B-00C04F79EFBC}") = "Shapes", "Shapes\Shapes.csproj", "{F41CD3E3-9FB8-4835-B12E-B5B913E5458F}"
EndProject
Global
	GlobalSection(SolutionConfigurationPlatforms) = preSolution
		Debug|Any CPU = Debug|Any CPU
		Release|Any CPU = Release|Any CPU
	EndGlobalSection
	GlobalSection(ProjectConfigurationPlatforms) = postSolution
		{F41CD3E3-9FB8-4835-B12E-B5B913E5458F}.Debug|Any CPU.ActiveCfg = Debug|Any CPU
		{F41CD3E3-9FB8-4835-B12E-B5B913E5458F}.Debug|Any CPU.Build.0 = Debug|Any CPU
		{F41CD3E3-9FB8-4835-B12E-B5B913E5458F}.Release|Any CPU.ActiveCfg = Release|Any CPU
		{F41CD3E3-9FB8-4835-B12E-B5B913E5458F}.Release|Any CPU.Build.0 = Release|Any CPU
	EndGlobalSection
	GlobalSection(SolutionProperties) = preSolution
		HideSolutionNode = FALSE
	EndGlobalSection
	GlobalSection(ExtensibilityGlobals) = postSolution
		SolutionGuid = {399F8EB4-77F6-445E-B1C4-759132388212}
	EndGlobalSection
EndGlobal
