
Microsoft Visual Studio Solution File, Format Version 12.00
# Visual Studio Version 16
VisualStudioVersion = 16.0.31911.196
MinimumVisualStudioVersion = 10.0.40219.1
Project("{FAE04EC0-301F-11D3-BF4B-00C04F79EFBC}") = "Filehandling", "Filehandling\Filehandling.csproj", "{118F5B46-84BE-47AC-8BBE-E9650D6D540A}"
EndProject
Global
	GlobalSection(SolutionConfigurationPlatforms) = preSolution
		Debug|Any CPU = Debug|Any CPU
		Release|Any CPU = Release|Any CPU
	EndGlobalSection
	GlobalSection(ProjectConfigurationPlatforms) = postSolution
		{118F5B46-84BE-47AC-8BBE-E9650D6D540A}.Debug|Any CPU.ActiveCfg = Debug|Any CPU
		{118F5B46-84BE-47AC-8BBE-E9650D6D540A}.Debug|Any CPU.Build.0 = Debug|Any CPU
		{118F5B46-84BE-47AC-8BBE-E9650D6D540A}.Release|Any CPU.ActiveCfg = Release|Any CPU
		{118F5B46-84BE-47AC-8BBE-E9650D6D540A}.Release|Any CPU.Build.0 = Release|Any CPU
	EndGlobalSection
	GlobalSection(SolutionProperties) = preSolution
		HideSolutionNode = FALSE
	EndGlobalSection
	GlobalSection(ExtensibilityGlobals) = postSolution
		SolutionGuid = {472F778C-2330-4471-A59E-43CC1D3D80A8}
	EndGlobalSection
EndGlobal
